
Microsoft Visual Studio Solution File, Format Version 12.00
# Visual Studio Version 17
VisualStudioVersion = 17.14.37516.0 d17.14
MinimumVisualStudioVersion = 10.0.40219.1
Project("{FAE04EC0-301F-11D3-BF4B-00C04F79EFBC}") = "TaskManagementAPI", "TaskManagementAPI\TaskManagementAPI.csproj", "{A94B8B41-C7D1-49CF-A011-295627E0B954}"
EndProject
Global
	GlobalSection(SolutionConfigurationPlatforms) = preSolution
		Debug|Any CPU = Debug|Any CPU
		Release|Any CPU = Release|Any CPU
	EndGlobalSection
	GlobalSection(ProjectConfigurationPlatforms) = postSolution
		{A94B8B41-C7D1-49CF-A011-295627E0B954}.Debug|Any CPU.ActiveCfg = Debug|Any CPU
		{A94B8B41-C7D1-49CF-A011-295627E0B954}.Debug|Any CPU.Build.0 = Debug|Any CPU
		{A94B8B41-C7D1-49CF-A011-295627E0B954}.Release|Any CPU.ActiveCfg = Release|Any CPU
		{A94B8B41-C7D1-49CF-A011-295627E0B954}.Release|Any CPU.Build.0 = Release|Any CPU
	EndGlobalSection
	GlobalSection(SolutionProperties) = preSolution
		HideSolutionNode = FALSE
	EndGlobalSection
	GlobalSection(ExtensibilityGlobals) = postSolution
		SolutionGuid = {A80E1775-06DC-4E0C-BC5A-BF039CFD1729}
	EndGlobalSection
EndGlobal
